
Microsoft Visual Studio Solution File, Format Version 12.00
# Visual Studio 15
VisualStudioVersion = 15.0.28010.2026
MinimumVisualStudioVersion = 10.0.40219.1
Project("{FAE04EC0-301F-11D3-BF4B-00C04F79EFBC}") = "HelpAssistant.Api.Web", "HelpAssistant.Api.Web\HelpAssistant.Api.Web.csproj", "{D5EF730B-075F-4416-904F-669418132A6C}"
EndProject
Global
	GlobalSection(SolutionConfigurationPlatforms) = preSolution
		Debug|Any CPU = Debug|Any CPU
		Release|Any CPU = Release|Any CPU
	EndGlobalSection
	GlobalSection(ProjectConfigurationPlatforms) = postSolution
		{D5EF730B-075F-4416-904F-669418132A6C}.Debug|Any CPU.ActiveCfg = Debug|Any CPU
		{D5EF730B-075F-4416-904F-669418132A6C}.Debug|Any CPU.Build.0 = Debug|Any CPU
		{D5EF730B-075F-4416-904F-669418132A6C}.Release|Any CPU.ActiveCfg = Release|Any CPU
		{D5EF730B-075F-4416-904F-669418132A6C}.Release|Any CPU.Build.0 = Release|Any CPU
	EndGlobalSection
	GlobalSection(SolutionProperties) = preSolution
		HideSolutionNode = FALSE
	EndGlobalSection
	GlobalSection(ExtensibilityGlobals) = postSolution
		SolutionGuid = {32732CDE-EFC4-4BAA-8AD4-9EC5ABE09083}
	EndGlobalSection
EndGlobal
